dependencies:
- name: postgresql
  repository: https://charts.bitnami.com/bitnami
  version: 12.12.10
- name: kube-prometheus-stack
  repository: https://prometheus-community.github.io/helm-charts
  version: 79.5.0
digest: sha256:5e2bcf676ba2d58a0d69263b09efe7cfb08c30524ebd12352a1fdb068f8da1d0
generated: "2025-11-15T21:23:22.539509+01:00"
